// !$*UTF8*$!
{
	archiveVersion = 1;
	classes = {
	};
	objectVersion = 50;
	objects = {

/* Begin PBXBuildFile section */
		89B2B64C2622ECD300849290 /* L15ChApp.swift in Sources */ = {isa = PBXBuildFile; fileRef = 89B2B64B2622ECD300849290 /* L15ChApp.swift */; };
		89B2B64E2622ECD300849290 /* HomeView.swift in Sources */ = {isa = PBXBuildFile; fileRef = 89B2B64D2622ECD300849290 /* HomeView.swift */; };
		89B2B6502622ECD400849290 /* Assets.xcassets in Resources */ = {isa = PBXBuildFile; fileRef = 89B2B64F2622ECD400849290 /* Assets.xcassets */; };
		89B2B6532622ECD400849290 /* Preview Assets.xcassets in Resources */ = {isa = PBXBuildFile; fileRef = 89B2B6522622ECD400849290 /* Preview Assets.xcassets */; };
		89B2B6622622ED9200849290 /* Data.json in Resources */ = {isa = PBXBuildFile; fileRef = 89B2B6612622ED9200849290 /* Data.json */; };
		89B2B6652622EE4900849290 /* Book.swift in Sources */ = {isa = PBXBuildFile; fileRef = 89B2B6642622EE4900849290 /* Book.swift */; };
		89B2B6682622EF2C00849290 /* BookModel.swift in Sources */ = {isa = PBXBuildFile; fileRef = 89B2B6672622EF2C00849290 /* BookModel.swift */; };
		89B2B66B2622F6E200849290 /* BookViewRow.swift in Sources */ = {isa = PBXBuildFile; fileRef = 89B2B66A2622F6E200849290 /* BookViewRow.swift */; };
/* End PBXBuildFile section */

/* Begin PBXFileReference section */
		89B2B6482622ECD300849290 /* L15Ch.app */ = {isa = PBXFileReference; explicitFileType = wrapper.application; includeInIndex = 0; path = L15Ch.app; sourceTree = BUILT_PRODUCTS_DIR; };
		89B2B64B2622ECD300849290 /* L15ChApp.swift */ = {isa = PBXFileReference; lastKnownFileType = sourcecode.swift; path = L15ChApp.swift; sourceTree = "<group>"; };
		89B2B64D2622ECD300849290 /* HomeView.swift */ = {isa = PBXFileReference; lastKnownFileType = sourcecode.swift; path = HomeView.swift; sourceTree = "<group>"; };
		89B2B64F2622ECD400849290 /* Assets.xcassets */ = {isa = PBXFileReference; lastKnownFileType = folder.assetcatalog; path = Assets.xcassets; sourceTree = "<group>"; };
		89B2B6522622ECD400849290 /* Preview Assets.xcassets */ = {isa = PBXFileReference; lastKnownFileType = folder.assetcatalog; path = "Preview Assets.xcassets"; sourceTree = "<group>"; };
		89B2B6542622ECD400849290 /* Info.plist */ = {isa = PBXFileReference; lastKnownFileType = text.plist.xml; path = Info.plist; sourceTree = "<group>"; };
		89B2B6612622ED9200849290 /* Data.json */ = {isa = PBXFileReference; fileEncoding = 4; lastKnownFileType = text.json; path = Data.json; sourceTree = "<group>"; };
		89B2B6642622EE4900849290 /* Book.swift */ = {isa = PBXFileReference; lastKnownFileType = sourcecode.swift; path = Book.swift; sourceTree = "<group>"; };
		89B2B6672622EF2C00849290 /* BookModel.swift */ = {isa = PBXFileReference; lastKnownFileType = sourcecode.swift; path = BookModel.swift; sourceTree = "<group>"; };
		89B2B66A2622F6E200849290 /* BookViewRow.swift */ = {isa = PBXFileReference; lastKnownFileType = sourcecode.swift; path = BookViewRow.swift; sourceTree = "<group>"; };
/* End PBXFileReference section */

/* Begin PBXFrameworksBuildPhase section */
		89B2B6452622ECD300849290 /* Frameworks */ = {
			isa = PBXFrameworksBuildPhase;
			buildActionMask = 2147483647;
			files = (
			);
			runOnlyForDeploymentPostprocessing = 0;
		};
/* End PBXFrameworksBuildPhase section */

/* Begin PBXGroup section */
		89B2B63F2622ECD300849290 = {
			isa = PBXGroup;
			children = (
				89B2B64A2622ECD300849290 /* L15Ch */,
				89B2B6492622ECD300849290 /* Products */,
			);
			sourceTree = "<group>";
		};
		89B2B6492622ECD300849290 /* Products */ = {
			isa = PBXGroup;
			children = (
				89B2B6482622ECD300849290 /* L15Ch.app */,
			);
			name = Products;
			sourceTree = "<group>";
		};
		89B2B64A2622ECD300849290 /* L15Ch */ = {
			isa = PBXGroup;
			children = (
				89B2B64B2622ECD300849290 /* L15ChApp.swift */,
				89B2B65B2622ECE000849290 /* Views */,
				89B2B65D2622ECEE00849290 /* ViewModels */,
				89B2B65C2622ECE600849290 /* Models */,
				89B2B6602622ED7900849290 /* Sources */,
				89B2B64F2622ECD400849290 /* Assets.xcassets */,
				89B2B6542622ECD400849290 /* Info.plist */,
				89B2B6512622ECD400849290 /* Preview Content */,
			);
			path = L15Ch;
			sourceTree = "<group>";
		};
		89B2B6512622ECD400849290 /* Preview Content */ = {
			isa = PBXGroup;
			children = (
				89B2B6522622ECD400849290 /* Preview Assets.xcassets */,
			);
			path = "Preview Content";
			sourceTree = "<group>";
		};
		89B2B65B2622ECE000849290 /* Views */ = {
			isa = PBXGroup;
			children = (
				89B2B64D2622ECD300849290 /* HomeView.swift */,
				89B2B66A2622F6E200849290 /* BookViewRow.swift */,
			);
			path = Views;
			sourceTree = "<group>";
		};
		89B2B65C2622ECE600849290 /* Models */ = {
			isa = PBXGroup;
			children = (
				89B2B6642622EE4900849290 /* Book.swift */,
			);
			path = Models;
			sourceTree = "<group>";
		};
		89B2B65D2622ECEE00849290 /* ViewModels */ = {
			isa = PBXGroup;
			children = (
				89B2B6672622EF2C00849290 /* BookModel.swift */,
			);
			path = ViewModels;
			sourceTree = "<group>";
		};
		89B2B6602622ED7900849290 /* Sources */ = {
			isa = PBXGroup;
			children = (
				89B2B6612622ED9200849290 /* Data.json */,
			);
			path = Sources;
			sourceTree = "<group>";
		};
/* End PBXGroup section */

/* Begin PBXNativeTarget section */
		89B2B6472622ECD300849290 /* L15Ch */ = {
			isa = PBXNativeTarget;
			buildConfigurationList = 89B2B6572622ECD400849290 /* Build configuration list for PBXNativeTarget "L15Ch" */;
			buildPhases = (
				89B2B6442622ECD300849290 /* Sources */,
				89B2B6452622ECD300849290 /* Frameworks */,
				89B2B6462622ECD300849290 /* Resources */,
			);
			buildRules = (
			);
			dependencies = (
			);
			name = L15Ch;
			productName = L15Ch;
			productReference = 89B2B6482622ECD300849290 /* L15Ch.app */;
			productType = "com.apple.product-type.application";
		};
/* End PBXNativeTarget section */

/* Begin PBXProject section */
		89B2B6402622ECD300849290 /* Project object */ = {
			isa = PBXProject;
			attributes = {
				LastSwiftUpdateCheck = 1240;
				LastUpgradeCheck = 1240;
				TargetAttributes = {
					89B2B6472622ECD300849290 = {
						CreatedOnToolsVersion = 12.4;
					};
				};
			};
			buildConfigurationList = 89B2B6432622ECD300849290 /* Build configuration list for PBXProject "L15Ch" */;
			compatibilityVersion = "Xcode 9.3";
			developmentRegion = en;
			hasScannedForEncodings = 0;
			knownRegions = (
				en,
				Base,
			);
			mainGroup = 89B2B63F2622ECD300849290;
			productRefGroup = 89B2B6492622ECD300849290 /* Products */;
			projectDirPath = "";
			projectRoot = "";
			targets = (
				89B2B6472622ECD300849290 /* L15Ch */,
			);
		};
/* End PBXProject section */

/* Begin PBXResourcesBuildPhase section */
		89B2B6462622ECD300849290 /* Resources */ = {
			isa = PBXResourcesBuildPhase;
			buildActionMask = 2147483647;
			files = (
				89B2B6532622ECD400849290 /* Preview Assets.xcassets in Resources */,
				89B2B6502622ECD400849290 /* Assets.xcassets in Resources */,
				89B2B6622622ED9200849290 /* Data.json in Resources */,
			);
			runOnlyForDeploymentPostprocessing = 0;
		};
/* End PBXResourcesBuildPhase section */

/* Begin PBXSourcesBuildPhase section */
		89B2B6442622ECD300849290 /* Sources */ = {
			isa = PBXSourcesBuildPhase;
			buildActionMask = 2147483647;
			files = (
				89B2B64E2622ECD300849290 /* HomeView.swift in Sources */,
				89B2B64C2622ECD300849290 /* L15ChApp.swift in Sources */,
				89B2B6682622EF2C00849290 /* BookModel.swift in Sources */,
				89B2B66B2622F6E200849290 /* BookViewRow.swift in Sources */,
				89B2B6652622EE4900849290 /* Book.swift in Sources */,
			);
			runOnlyForDeploymentPostprocessing = 0;
		};
/* End PBXSourcesBuildPhase section */

/* Begin XCBuildConfiguration section */
		89B2B6552622ECD400849290 /* Debug */ = {
			isa = XCBuildConfiguration;
			buildSettings = {
				ALWAYS_SEARCH_USER_PATHS = NO;
				CLANG_ANALYZER_NONNULL = YES;
				CLANG_ANALYZER_NUMBER_OBJECT_CONVERSION = YES_AGGRESSIVE;
				CLANG_CXX_LANGUAGE_STANDARD = "gnu++14";
				CLANG_CXX_LIBRARY = "libc++";
				CLANG_ENABLE_MODULES = YES;
				CLANG_ENABLE_OBJC_ARC = YES;
				CLANG_ENABLE_OBJC_WEAK = YES;
				CLANG_WARN_BLOCK_CAPTURE_AUTORELEASING = YES;
				CLANG_WARN_BOOL_CONVERSION = YES;
				CLANG_WARN_COMMA = YES;
				CLANG_WARN_CONSTANT_CONVERSION = YES;
				CLANG_WARN_DEPRECATED_OBJC_IMPLEMENTATIONS = YES;
				CLANG_WARN_DIRECT_OBJC_ISA_USAGE = YES_ERROR;
				CLANG_WARN_DOCUMENTATION_COMMENTS = YES;
				CLANG_WARN_EMPTY_BODY = YES;
				CLANG_WARN_ENUM_CONVERSION = YES;
				CLANG_WARN_INFINITE_RECURSION = YES;
				CLANG_WARN_INT_CONVERSION = YES;
				CLANG_WARN_NON_LITERAL_NULL_CONVERSION = YES;
				CLANG_WARN_OBJC_IMPLICIT_RETAIN_SELF = YES;
				CLANG_WARN_OBJC_LITERAL_CONVERSION = YES;
				CLANG_WARN_OBJC_ROOT_CLASS = YES_ERROR;
				CLANG_WARN_QUOTED_INCLUDE_IN_FRAMEWORK_HEADER = YES;
				CLANG_WARN_RANGE_LOOP_ANALYSIS = YES;
				CLANG_WARN_STRICT_PROTOTYPES = YES;
				CLANG_WARN_SUSPICIOUS_MOVE = YES;
				CLANG_WARN_UNGUARDED_AVAILABILITY = YES_AGGRESSIVE;
				CLANG_WARN_UNREACHABLE_CODE = YES;
				CLANG_WARN__DUPLICATE_METHOD_MATCH = YES;
				COPY_PHASE_STRIP = NO;
				DEBUG_INFORMATION_FORMAT = dwarf;
				ENABLE_STRICT_OBJC_MSGSEND = YES;
				ENABLE_TESTABILITY = YES;
				GCC_C_LANGUAGE_STANDARD = gnu11;
				GCC_DYNAMIC_NO_PIC = NO;
				GCC_NO_COMMON_BLOCKS = YES;
				GCC_OPTIMIZATION_LEVEL = 0;
				GCC_PREPROCESSOR_DEFINITIONS = (
					"DEBUG=1",
					"$(inherited)",
				);
				GCC_WARN_64_TO_32_BIT_CONVERSION = YES;
				GCC_WARN_ABOUT_RETURN_TYPE = YES_ERROR;
				GCC_WARN_UNDECLARED_SELECTOR = YES;
				GCC_WARN_UNINITIALIZED_AUTOS = YES_AGGRESSIVE;
				GCC_WARN_UNUSED_FUNCTION = YES;
				GCC_WARN_UNUSED_VARIABLE = YES;
				IPHONEOS_DEPLOYMENT_TARGET = 14.4;
				MTL_ENABLE_DEBUG_INFO = INCLUDE_SOURCE;
				MTL_FAST_MATH = YES;
				ONLY_ACTIVE_ARCH = YES;
				SDKROOT = iphoneos;
				SWIFT_ACTIVE_COMPILATION_CONDITIONS = DEBUG;
				SWIFT_OPTIMIZATION_LEVEL = "-Onone";
			};
			name = Debug;
		};
		89B2B6562622ECD400849290 /* Release */ = {
			isa = XCBuildConfiguration;
			buildSettings = {
				ALWAYS_SEARCH_USER_PATHS = NO;
				CLANG_ANALYZER_NONNULL = YES;
				CLANG_ANALYZER_NUMBER_OBJECT_CONVERSION = YES_AGGRESSIVE;
				CLANG_CXX_LANGUAGE_STANDARD = "gnu++14";
				CLANG_CXX_LIBRARY = "libc++";
				CLANG_ENABLE_MODULES = YES;
				CLANG_ENABLE_OBJC_ARC = YES;
				CLANG_ENABLE_OBJC_WEAK = YES;
				CLANG_WARN_BLOCK_CAPTURE_AUTORELEASING = YES;
				CLANG_WARN_BOOL_CONVERSION = YES;
				CLANG_WARN_COMMA = YES;
				CLANG_WARN_CONSTANT_CONVERSION = YES;
				CLANG_WARN_DEPRECATED_OBJC_IMPLEMENTATIONS = YES;
				CLANG_WARN_DIRECT_OBJC_ISA_USAGE = YES_ERROR;
				CLANG_WARN_DOCUMENTATION_COMMENTS = YES;
				CLANG_WARN_EMPTY_BODY = YES;
				CLANG_WARN_ENUM_CONVERSION = YES;
				CLANG_WARN_INFINITE_RECURSION = YES;
				CLANG_WARN_INT_CONVERSION = YES;
				CLANG_WARN_NON_LITERAL_NULL_CONVERSION = YES;
				CLANG_WARN_OBJC_IMPLICIT_RETAIN_SELF = YES;
				CLANG_WARN_OBJC_LITERAL_CONVERSION = YES;
				CLANG_WARN_OBJC_ROOT_CLASS = YES_ERROR;
				CLANG_WARN_QUOTED_INCLUDE_IN_FRAMEWORK_HEADER = YES;
				CLANG_WARN_RANGE_LOOP_ANALYSIS = YES;
				CLANG_WARN_STRICT_PROTOTYPES = YES;
				CLANG_WARN_SUSPICIOUS_MOVE = YES;
				CLANG_WARN_UNGUARDED_AVAILABILITY = YES_AGGRESSIVE;
				CLANG_WARN_UNREACHABLE_CODE = YES;
				CLANG_WARN__DUPLICATE_METHOD_MATCH = YES;
				COPY_PHASE_STRIP = NO;
				DEBUG_INFORMATION_FORMAT = "dwarf-with-dsym";
				ENABLE_NS_ASSERTIONS = NO;
				ENABLE_STRICT_OBJC_MSGSEND = YES;
				GCC_C_LANGUAGE_STANDARD = gnu11;
				GCC_NO_COMMON_BLOCKS = YES;
				GCC_WARN_64_TO_32_BIT_CONVERSION = YES;
				GCC_WARN_ABOUT_RETURN_TYPE = YES_ERROR;
				GCC_WARN_UNDECLARED_SELECTOR = YES;
				GCC_WARN_UNINITIALIZED_AUTOS = YES_AGGRESSIVE;
				GCC_WARN_UNUSED_FUNCTION = YES;
				GCC_WARN_UNUSED_VARIABLE = YES;
				IPHONEOS_DEPLOYMENT_TARGET = 14.4;
				MTL_ENABLE_DEBUG_INFO = NO;
				MTL_FAST_MATH = YES;
				SDKROOT = iphoneos;
				SWIFT_COMPILATION_MODE = wholemodule;
				SWIFT_OPTIMIZATION_LEVEL = "-O";
				VALIDATE_PRODUCT = YES;
			};
			name = Release;
		};
		89B2B6582622ECD400849290 /* Debug */ = {
			isa = XCBuildConfiguration;
			buildSettings = {
				ASSETCATALOG_COMPILER_APPICON_NAME = AppIcon;
				ASSETCATALOG_COMPILER_GLOBAL_ACCENT_COLOR_NAME = AccentColor;
				CODE_SIGN_STYLE = Automatic;
				DEVELOPMENT_ASSET_PATHS = "\"L15Ch/Preview Content\"";
				ENABLE_PREVIEWS = YES;
				INFOPLIST_FILE = L15Ch/Info.plist;
				IPHONEOS_DEPLOYMENT_TARGET = 14.0;
				LD_RUNPATH_SEARCH_PATHS = (
					"$(inherited)",
					"@executable_path/Frameworks",
				);
				PRODUCT_BUNDLE_IDENTIFIER = Cuki.L15Ch;
				PRODUCT_NAME = "$(TARGET_NAME)";
				SWIFT_VERSION = 5.0;
				TARGETED_DEVICE_FAMILY = "1,2";
			};
			name = Debug;
		};
		89B2B6592622ECD400849290 /* Release */ = {
			isa = XCBuildConfiguration;
			buildSettings = {
				ASSETCATALOG_COMPILER_APPICON_NAME = AppIcon;
				ASSETCATALOG_COMPILER_GLOBAL_ACCENT_COLOR_NAME = AccentColor;
				CODE_SIGN_STYLE = Automatic;
				DEVELOPMENT_ASSET_PATHS = "\"L15Ch/Preview Content\"";
				ENABLE_PREVIEWS = YES;
				INFOPLIST_FILE = L15Ch/Info.plist;
				IPHONEOS_DEPLOYMENT_TARGET = 14.0;
				LD_RUNPATH_SEARCH_PATHS = (
					"$(inherited)",
					"@executable_path/Frameworks",
				);
				PRODUCT_BUNDLE_IDENTIFIER = Cuki.L15Ch;
				PRODUCT_NAME = "$(TARGET_NAME)";
				SWIFT_VERSION = 5.0;
				TARGETED_DEVICE_FAMILY = "1,2";
			};
			name = Release;
		};
/* End XCBuildConfiguration section */

/* Begin XCConfigurationList section */
		89B2B6432622ECD300849290 /* Build configuration list for PBXProject "L15Ch" */ = {
			isa = XCConfigurationList;
			buildConfigurations = (
				89B2B6552622ECD400849290 /* Debug */,
				89B2B6562622ECD400849290 /* Release */,
			);
			defaultConfigurationIsVisible = 0;
			defaultConfigurationName = Release;
		};
		89B2B6572622ECD400849290 /* Build configuration list for PBXNativeTarget "L15Ch" */ = {
			isa = XCConfigurationList;
			buildConfigurations = (
				89B2B6582622ECD400849290 /* Debug */,
				89B2B6592622ECD400849290 /* Release */,
			);
			defaultConfigurationIsVisible = 0;
			defaultConfigurationName = Release;
		};
/* End XCConfigurationList section */
	};
	rootObject = 89B2B6402622ECD300849290 /* Project object */;
}
